NeoBundleLock CRefVim f1ca962116cf90a23efa79b3bcdbd65191bf798c
NeoBundleLock Color-Scheme-Test fc7f2fa7040eeefe26601d724f286f0ef6b993ff
NeoBundleLock Dockerfile.vim 1e8d48e7a0c53613dbaae35cacc4d27c5f964e8b
NeoBundleLock DrawIt 4e824fc939cec81dc2a8f4d91aaeb6151d1cc140
NeoBundleLock NSIS-syntax-highlighting 4e5deb8e9e1a20bbbd51153d04a9f208d85c611b
NeoBundleLock NeoSolarized 3d18f83fdb7a37dd19b3917d997a0dca5615a519
NeoBundleLock SimpylFold f85c9b745539c1c20fe5584416e0251a4216a541
NeoBundleLock SingleCompile 4004d12f0cdafbc3299c0991e59cf26b1e6c4630
NeoBundleLock YCM-Generator 74ea5db81002c0d8e31bbc2f26f284558803f374
NeoBundleLock YouCompleteMe 164165f0c898744cad321199ba4482554bb968c1
NeoBundleLock ag.vim 4a0dd6e190f446e5a016b44fdaa2feafc582918e
NeoBundleLock bash-support.vim 309d6fe45859f2d30d0e8fe8016ca69f03b9f7d6
NeoBundleLock bufexplorer.zip 08b0100f5242e1de07bce40dc6376a4996791c33
NeoBundleLock c.vim 69f0368c7d8dac196bd94ddfa80d98b1cedc7eb0
NeoBundleLock command-t ce9daf8d792c945d32d0bf8878149eaa8aee2b81
NeoBundleLock ctrlp.vim 7fa89fec125ce60a341f7c37dd769a8a31c49359
NeoBundleLock echofunc.vim 0ae23e9ffa916ff89f6cf6e3ca2442ad93243ce0
NeoBundleLock gundo.vim b4f3624d01ffdfd7bdcd2e19128fffe768fe6262
NeoBundleLock html5.vim fc64e3d0de438a02dcfbe9d6fc7d73dbf721ce21
NeoBundleLock jQuery 895d237528151c373d71c99f4812eb45b094e7c8
NeoBundleLock lua-support fab7091c5606a755304095aa0411796c9bd3eaad
NeoBundleLock matchit.zip ced6c409c9beeb0b4142d21906606bd194411d1d
NeoBundleLock matrix.vim--Yang 2c9785d5669af7c23fe6d306997153e9e9d6fdcf
NeoBundleLock moonscript-vim 715c96c7c3b02adc507f84bf5754985460afc426
NeoBundleLock neobundle.vim c6fa48cd665071b7a4dbf5ab53f48cd5884716ee
NeoBundleLock neocomplete 9617d825c0d4acdb18aec903e9c1c0443058d18b
NeoBundleLock neosnippet 1bd7e23c79b73da16eb0c9469b25c376d3594583
NeoBundleLock neosnippet-snippets 8e2b1c0cab9ed9a832b3743dbb65e9966a64331a
NeoBundleLock nerdcommenter 59552f2e885a70371d7059b6ef22d57eb365d4a0
NeoBundleLock nerdtree 281701021c5001332a862da80175bf585d24e2e8
NeoBundleLock po.vim--Jelenak 7e86f0a854a34dc4f33e3b675a3c847e89e8492c
NeoBundleLock python-mode 2f850dcf506af85be22365aebda6ff737e5f004e
NeoBundleLock railscasts 4e32f0421ef099ba86b66dbe65f0cf5a6a1d7e7f
NeoBundleLock rust.vim 732b5fcb3652f81726d5f0f5b97c9027c01f057a
NeoBundleLock splitjoin.vim 98a4ea83787ee7b3e94dd8d6ac0121f938ee762e
NeoBundleLock std_c.zip f70ac2370b9190e7c2256f108cbeb3276f75fdf4
NeoBundleLock syntastic 6fb14d624b6081459360fdbba743f82cf84c8f92
NeoBundleLock tabular 00e1e7fcdbc6d753e0bc8043e0d2546fa81bf367
NeoBundleLock tagbar 959f48798136bfd4ce60075d3c86c580fcf5e5c5
NeoBundleLock taglist.vim 53041fbc45398a9af631a20657e109707a455339
NeoBundleLock taskpaper.vim 5ae477321709e5bc2b8eeca4e65a21435da4d80a
NeoBundleLock tslime.vim b9b00311744ba5d0d0e828da8b94249b44d137e1
NeoBundleLock ultisnips 5352d98f212e273b3e8b1d84efdbe2d6a6d557e9
NeoBundleLock vcscommand.vim 2fb32681361f37533455d20aaa7fc6eb11b0fa4b
NeoBundleLock vim-abolish 05c7d31f6b3066582017edf5198502a94f6a7cb5
NeoBundleLock vim-airline b66c1ef07005fad6a70957b90d4f47bb932e33e2
NeoBundleLock vim-bundler b42217a20cd4cac5a00096dc4e98d2497c21b3fe
NeoBundleLock vim-clang 0076e0c64baa71c1c1f404e6a500e45190cdad5c
NeoBundleLock vim-coffee-script 72f48c3f9bb6ba4f9ba1e6e4933c2c25686a1b62
NeoBundleLock vim-cucumber bcb119cf9a6e131d5c9cbb7af3296eb6f2c23151
NeoBundleLock vim-desert-warm-256 c5d858e175f84204e28e41de76b80324c9bf8678
NeoBundleLock vim-easy-align 3b395bd5bafbdfb1f93190fa3f259b7ad2e40eb9
NeoBundleLock vim-easymotion af9786ee5780bf0cbafbd7b341c2b5234d18c1c0
NeoBundleLock vim-endwise 0067ceda37725d01b7bd5bf249d63b1b5d4e2ab4
NeoBundleLock vim-flatfoot 9dd4d6650335f9aadbd20c8b65ab37ddc6aaada2
NeoBundleLock vim-fugitive f44845e4408aae03e018e98afb7fbf0c2ee87dd5
NeoBundleLock vim-git a08ca046128988beb3461d44de91524350be7678
NeoBundleLock vim-go b9c81562630e9dfc098d25814c16bedcfcf9ffa9
NeoBundleLock vim-haml 1f2e47c78c2faf90ff419c2f4e1241094844678c
NeoBundleLock vim-javascript 220ce28eed4c1d80798cf500c1ce30ccf995109b
NeoBundleLock vim-jdaddy fccddca8092ca3dfa843e9e33fc7be8c8ef1c727
NeoBundleLock vim-json f5e3181d0b33a9c51377bb7ea8492feddca8b503
NeoBundleLock vim-jsx eb656ed96435ccf985668ebd7bb6ceb34b736213
NeoBundleLock vim-markdown 3c2215bfed1de1251927fbc94b2631ca27c2958f
NeoBundleLock vim-nerdtree-tabs de6a60909e71790baf5d46f863643379ec19bc4c
NeoBundleLock vim-ragtag 9378cddc1c264f777af59f04e5b8d64eca8ee5fd
NeoBundleLock vim-rails 09ffc844ef959ffe133d0994641ade192531007e
NeoBundleLock vim-rake 82ad45543f0d13dfa7d3f59ca4cd54d0e145417f
NeoBundleLock vim-repeat 7a6675f092842c8f81e71d5345bd7cdbf3759415
NeoBundleLock vim-ruby f792ee3b2d005660da2e7303e43721ef222d7047
NeoBundleLock vim-slim df26386b46b455f0c837c3ba30d1771204f209ca
NeoBundleLock vim-snippets 60b736b4be089fcb5c90a9ed7943bd4ea8629247
NeoBundleLock vim-speeddating 426c792e479f6e1650a6996c683943a09344c21e
NeoBundleLock vim-surround e49d6c2459e0f5569ff2d533b4df995dd7f98313
NeoBundleLock vim-swift 19bbb5e1f9fc049e799f7a62e14933602f06d363
NeoBundleLock vim-table-mode 30a3eba81628fdd099adc6dfdec8aa627c4783f7
NeoBundleLock vim-textobj-rubyblock 2b882e2cc2599078f75e6e88cd268192bf7b27bf
NeoBundleLock vim-textobj-user a3054162c09bcf732624f43ddacbd85dad09713b
NeoBundleLock vim-turbux 7260b573c3073b341da10c1c296ac67a1939d1ae
NeoBundleLock vim-unimpaired 11dc568dbfd7a56866a4354c737515769f08e9fe
NeoBundleLock vim-vala 94da02c0b69d7395b39063a854c72c0affba4548
NeoBundleLock vim2ansi a711694d1d4752f2b86fbfa62f5c52ee2cba9ca3
NeoBundleLock vimproc.vim bca9fef7faf530d0f3db5dfd61bef46384f06efe
